// !$*UTF8*$!
{
	archiveVersion = 1;
	classes = {
	};
	objectVersion = 46;
	objects = {

/* Begin PBXBuildFile section */
		1DBAAA9717129BDB002E32F7 /* Cocoa.framework in Frameworks */ = {isa = PBXBuildFile; fileRef = 1DBAAA9617129BDB002E32F7 /* Cocoa.framework */; };
		1DBAAAA117129BDB002E32F7 /* InfoPlist.strings in Resources */ = {isa = PBXBuildFile; fileRef = 1DBAAA9F17129BDB002E32F7 /* InfoPlist.strings */; };
		1DBAAAAA17129C19002E32F7 /* WFDecls.h in Headers */ = {isa = PBXBuildFile; fileRef = 1DBAAAA917129C16002E32F7 /* WFDecls.h */; settings = {ATTRIBUTES = (Public, ); }; };
		1DBAAAAB17129C1E002E32F7 /* FusionKit.h in Headers */ = {isa = PBXBuildFile; fileRef = 1DBAAAA317129BDB002E32F7 /* FusionKit.h */; settings = {ATTRIBUTES = (Public, ); }; };
		1DBAAAAE17129F51002E32F7 /* WFCommon.m in Sources */ = {isa = PBXBuildFile; fileRef = 1DBAAAAD17129F51002E32F7 /* WFCommon.m */; };
		1DBAAAAF17129F98002E32F7 /* WFTypes.h in Headers */ = {isa = PBXBuildFile; fileRef = 1DBAAAAC17129EFB002E32F7 /* WFTypes.h */; settings = {ATTRIBUTES = (Public, ); }; };
		1DBAAAB11712A0D7002E32F7 /* WFConstants.h in Headers */ = {isa = PBXBuildFile; fileRef = 1DBAAAB01712A0D7002E32F7 /* WFConstants.h */; settings = {ATTRIBUTES = (Public, ); }; };
		1DBAAAB91712A311002E32F7 /* SenTestingKit.framework in Frameworks */ = {isa = PBXBuildFile; fileRef = 1DBAAAB81712A311002E32F7 /* SenTestingKit.framework */; };
		1DBAAABA1712A311002E32F7 /* Cocoa.framework in Frameworks */ = {isa = PBXBuildFile; fileRef = 1DBAAA9617129BDB002E32F7 /* Cocoa.framework */; };
		1DBAAAC01712A311002E32F7 /* InfoPlist.strings in Resources */ = {isa = PBXBuildFile; fileRef = 1DBAAABE1712A311002E32F7 /* InfoPlist.strings */; };
		1DBAAAC81712A31B002E32F7 /* FusionKit.framework in Frameworks */ = {isa = PBXBuildFile; fileRef = 1DBAAA9317129BDB002E32F7 /* FusionKit.framework */; };
		1DBAAACB1712A36E002E32F7 /* WFCommonTest.m in Sources */ = {isa = PBXBuildFile; fileRef = 1DBAAACA1712A36E002E32F7 /* WFCommonTest.m */; };
		1DBAAACD1712A4AD002E32F7 /* WFVersion.m in Sources */ = {isa = PBXBuildFile; fileRef = 1DBAAACC1712A4AD002E32F7 /* WFVersion.m */; };
/* End PBXBuildFile section */

/* Begin PBXFileReference section */
		1DBAAA8D17129BA5002E32F7 /* .gitignore */ = {isa = PBXFileReference; lastKnownFileType = text; path = .gitignore; sourceTree = "<group>"; };
		1DBAAA9317129BDB002E32F7 /* FusionKit.framework */ = {isa = PBXFileReference; explicitFileType = wrapper.framework; includeInIndex = 0; path = FusionKit.framework; sourceTree = BUILT_PRODUCTS_DIR; };
		1DBAAA9617129BDB002E32F7 /* Cocoa.framework */ = {isa = PBXFileReference; lastKnownFileType = wrapper.framework; name = Cocoa.framework; path = System/Library/Frameworks/Cocoa.framework; sourceTree = SDKROOT; };
		1DBAAA9917129BDB002E32F7 /* AppKit.framework */ = {isa = PBXFileReference; lastKnownFileType = wrapper.framework; name = AppKit.framework; path = System/Library/Frameworks/AppKit.framework; sourceTree = SDKROOT; };
		1DBAAA9A17129BDB002E32F7 /* CoreData.framework */ = {isa = PBXFileReference; lastKnownFileType = wrapper.framework; name = CoreData.framework; path = System/Library/Frameworks/CoreData.framework; sourceTree = SDKROOT; };
		1DBAAA9B17129BDB002E32F7 /* Foundation.framework */ = {isa = PBXFileReference; lastKnownFileType = wrapper.framework; name = Foundation.framework; path = System/Library/Frameworks/Foundation.framework; sourceTree = SDKROOT; };
		1DBAAA9E17129BDB002E32F7 /* FusionKit-Info.plist */ = {isa = PBXFileReference; lastKnownFileType = text.plist.xml; path = "FusionKit-Info.plist"; sourceTree = "<group>"; };
		1DBAAAA017129BDB002E32F7 /* en */ = {isa = PBXFileReference; lastKnownFileType = text.plist.strings; name = en; path = en.lproj/InfoPlist.strings; sourceTree = "<group>"; };
		1DBAAAA217129BDB002E32F7 /* FusionKit-Prefix.pch */ = {isa = PBXFileReference; lastKnownFileType = sourcecode.c.h; path = "FusionKit-Prefix.pch"; sourceTree = "<group>"; };
		1DBAAAA317129BDB002E32F7 /* FusionKit.h */ = {isa = PBXFileReference; lastKnownFileType = sourcecode.c.h; path = FusionKit.h; sourceTree = "<group>"; };
		1DBAAAA917129C16002E32F7 /* WFDecls.h */ = {isa = PBXFileReference; lastKnownFileType = sourcecode.c.h; path = WFDecls.h; sourceTree = "<group>"; };
		1DBAAAAC17129EFB002E32F7 /* WFTypes.h */ = {isa = PBXFileReference; lastKnownFileType = sourcecode.c.h; path = WFTypes.h; sourceTree = "<group>"; };
		1DBAAAAD17129F51002E32F7 /* WFCommon.m */ = {isa = PBXFileReference; fileEncoding = 4; lastKnownFileType = sourcecode.c.objc; path = WFCommon.m; sourceTree = "<group>"; };
		1DBAAAB01712A0D7002E32F7 /* WFConstants.h */ = {isa = PBXFileReference; fileEncoding = 4; lastKnownFileType = sourcecode.c.h; path = WFConstants.h; sourceTree = "<group>"; };
		1DBAAAB71712A311002E32F7 /* FusionKitTest.octest */ = {isa = PBXFileReference; explicitFileType = wrapper.cfbundle; includeInIndex = 0; path = FusionKitTest.octest; sourceTree = BUILT_PRODUCTS_DIR; };
		1DBAAAB81712A311002E32F7 /* SenTestingKit.framework */ = {isa = PBXFileReference; lastKnownFileType = wrapper.framework; name = SenTestingKit.framework; path = Library/Frameworks/SenTestingKit.framework; sourceTree = DEVELOPER_DIR; };
		1DBAAABD1712A311002E32F7 /* FusionKitTest-Info.plist */ = {isa = PBXFileReference; lastKnownFileType = text.plist.xml; path = "FusionKitTest-Info.plist"; sourceTree = "<group>"; };
		1DBAAABF1712A311002E32F7 /* en */ = {isa = PBXFileReference; lastKnownFileType = text.plist.strings; name = en; path = en.lproj/InfoPlist.strings; sourceTree = "<group>"; };
		1DBAAAC41712A311002E32F7 /* FusionKitTest-Prefix.pch */ = {isa = PBXFileReference; lastKnownFileType = sourcecode.c.h; path = "FusionKitTest-Prefix.pch"; sourceTree = "<group>"; };
		1DBAAAC91712A36E002E32F7 /* WFCommonTest.h */ = {isa = PBXFileReference; fileEncoding = 4; lastKnownFileType = sourcecode.c.h; path = WFCommonTest.h; sourceTree = "<group>"; };
		1DBAAACA1712A36E002E32F7 /* WFCommonTest.m */ = {isa = PBXFileReference; fileEncoding = 4; lastKnownFileType = sourcecode.c.objc; path = WFCommonTest.m; sourceTree = "<group>"; };
		1DBAAACC1712A4AD002E32F7 /* WFVersion.m */ = {isa = PBXFileReference; fileEncoding = 4; lastKnownFileType = sourcecode.c.objc; path = WFVersion.m; sourceTree = "<group>"; };
/* End PBXFileReference section */

/* Begin PBXFrameworksBuildPhase section */
		1DBAAA8F17129BDB002E32F7 /* Frameworks */ = {
			isa = PBXFrameworksBuildPhase;
			buildActionMask = 2147483647;
			files = (
				1DBAAA9717129BDB002E32F7 /* Cocoa.framework in Frameworks */,
			);
			runOnlyForDeploymentPostprocessing = 0;
		};
		1DBAAAB31712A311002E32F7 /* Frameworks */ = {
			isa = PBXFrameworksBuildPhase;
			buildActionMask = 2147483647;
			files = (
				1DBAAAC81712A31B002E32F7 /* FusionKit.framework in Frameworks */,
				1DBAAAB91712A311002E32F7 /* SenTestingKit.framework in Frameworks */,
				1DBAAABA1712A311002E32F7 /* Cocoa.framework in Frameworks */,
			);
			runOnlyForDeploymentPostprocessing = 0;
		};
/* End PBXFrameworksBuildPhase section */

/* Begin PBXGroup section */
		1DBAAA8617129B73002E32F7 = {
			isa = PBXGroup;
			children = (
				1DBAAA8D17129BA5002E32F7 /* .gitignore */,
				1DBAAA9C17129BDB002E32F7 /* FusionKit */,
				1DBAAABB1712A311002E32F7 /* FusionKitTest */,
				1DBAAA9517129BDB002E32F7 /* Frameworks */,
				1DBAAA9417129BDB002E32F7 /* Products */,
			);
			sourceTree = "<group>";
		};
		1DBAAA9417129BDB002E32F7 /* Products */ = {
			isa = PBXGroup;
			children = (
				1DBAAA9317129BDB002E32F7 /* FusionKit.framework */,
				1DBAAAB71712A311002E32F7 /* FusionKitTest.octest */,
			);
			name = Products;
			sourceTree = "<group>";
		};
		1DBAAA9517129BDB002E32F7 /* Frameworks */ = {
			isa = PBXGroup;
			children = (
				1DBAAA9617129BDB002E32F7 /* Cocoa.framework */,
				1DBAAAB81712A311002E32F7 /* SenTestingKit.framework */,
				1DBAAA9817129BDB002E32F7 /* Other Frameworks */,
			);
			name = Frameworks;
			sourceTree = "<group>";
		};
		1DBAAA9817129BDB002E32F7 /* Other Frameworks */ = {
			isa = PBXGroup;
			children = (
				1DBAAA9917129BDB002E32F7 /* AppKit.framework */,
				1DBAAA9A17129BDB002E32F7 /* CoreData.framework */,
				1DBAAA9B17129BDB002E32F7 /* Foundation.framework */,
			);
			name = "Other Frameworks";
			sourceTree = "<group>";
		};
		1DBAAA9C17129BDB002E32F7 /* FusionKit */ = {
			isa = PBXGroup;
			children = (
				1DBAAAA317129BDB002E32F7 /* FusionKit.h */,
				1DBAAAA917129C16002E32F7 /* WFDecls.h */,
				1DBAAAAC17129EFB002E32F7 /* WFTypes.h */,
				1DBAAAB01712A0D7002E32F7 /* WFConstants.h */,
				1DBAAAAD17129F51002E32F7 /* WFCommon.m */,
				1DBAAACC1712A4AD002E32F7 /* WFVersion.m */,
				1DBAAA9D17129BDB002E32F7 /* Supporting Files */,
			);
			path = FusionKit;
			sourceTree = "<group>";
		};
		1DBAAA9D17129BDB002E32F7 /* Supporting Files */ = {
			isa = PBXGroup;
			children = (
				1DBAAA9E17129BDB002E32F7 /* FusionKit-Info.plist */,
				1DBAAA9F17129BDB002E32F7 /* InfoPlist.strings */,
				1DBAAAA217129BDB002E32F7 /* FusionKit-Prefix.pch */,
			);
			name = "Supporting Files";
			sourceTree = "<group>";
		};
		1DBAAABB1712A311002E32F7 /* FusionKitTest */ = {
			isa = PBXGroup;
			children = (
				1DBAAABC1712A311002E32F7 /* Supporting Files */,
				1DBAAAC91712A36E002E32F7 /* WFCommonTest.h */,
				1DBAAACA1712A36E002E32F7 /* WFCommonTest.m */,
			);
			path = FusionKitTest;
			sourceTree = "<group>";
		};
		1DBAAABC1712A311002E32F7 /* Supporting Files */ = {
			isa = PBXGroup;
			children = (
				1DBAAABD1712A311002E32F7 /* FusionKitTest-Info.plist */,
				1DBAAABE1712A311002E32F7 /* InfoPlist.strings */,
				1DBAAAC41712A311002E32F7 /* FusionKitTest-Prefix.pch */,
			);
			name = "Supporting Files";
			sourceTree = "<group>";
		};
/* End PBXGroup section */

/* Begin PBXHeadersBuildPhase section */
		1DBAAA9017129BDB002E32F7 /* Headers */ = {
			isa = PBXHeadersBuildPhase;
			buildActionMask = 2147483647;
			files = (
				1DBAAAAA17129C19002E32F7 /* WFDecls.h in Headers */,
				1DBAAAAB17129C1E002E32F7 /* FusionKit.h in Headers */,
				1DBAAAAF17129F98002E32F7 /* WFTypes.h in Headers */,
				1DBAAAB11712A0D7002E32F7 /* WFConstants.h in Headers */,
			);
			runOnlyForDeploymentPostprocessing = 0;
		};
/* End PBXHeadersBuildPhase section */

/* Begin PBXNativeTarget section */
		1DBAAA9217129BDB002E32F7 /* FusionKit */ = {
			isa = PBXNativeTarget;
			buildConfigurationList = 1DBAAAA617129BDB002E32F7 /* Build configuration list for PBXNativeTarget "FusionKit" */;
			buildPhases = (
				1DBAAACE1712A529002E32F7 /* WFVersion.m */,
				1DBAAA8E17129BDB002E32F7 /* Sources */,
				1DBAAA8F17129BDB002E32F7 /* Frameworks */,
				1DBAAA9017129BDB002E32F7 /* Headers */,
				1DBAAA9117129BDB002E32F7 /* Resources */,
				1DBAAAD61712A591002E32F7 /* git-version.plist */,
			);
			buildRules = (
			);
			dependencies = (
			);
			name = FusionKit;
			productName = FusionKit;
			productReference = 1DBAAA9317129BDB002E32F7 /* FusionKit.framework */;
			productType = "com.apple.product-type.framework";
		};
		1DBAAAB61712A311002E32F7 /* FusionKitTest */ = {
			isa = PBXNativeTarget;
			buildConfigurationList = 1DBAAAC51712A311002E32F7 /* Build configuration list for PBXNativeTarget "FusionKitTest" */;
			buildPhases = (
				1DBAAAB21712A311002E32F7 /* Sources */,
				1DBAAAB31712A311002E32F7 /* Frameworks */,
				1DBAAAB41712A311002E32F7 /* Resources */,
				1DBAAAB51712A311002E32F7 /* ShellScript */,
			);
			buildRules = (
			);
			dependencies = (
			);
			name = FusionKitTest;
			productName = FusionKitTest;
			productReference = 1DBAAAB71712A311002E32F7 /* FusionKitTest.octest */;
			productType = "com.apple.product-type.bundle";
		};
/* End PBXNativeTarget section */

/* Begin PBXProject section */
		1DBAAA8717129B73002E32F7 /* Project object */ = {
			isa = PBXProject;
			attributes = {
				CLASSPREFIX = WF;
				LastUpgradeCheck = 0460;
				ORGANIZATIONNAME = "myWorld Creations";
			};
			buildConfigurationList = 1DBAAA8A17129B73002E32F7 /* Build configuration list for PBXProject "FusionKit.D" */;
			compatibilityVersion = "Xcode 3.2";
			developmentRegion = English;
			hasScannedForEncodings = 0;
			knownRegions = (
				en,
			);
			mainGroup = 1DBAAA8617129B73002E32F7;
			productRefGroup = 1DBAAA9417129BDB002E32F7 /* Products */;
			projectDirPath = "";
			projectRoot = "";
			targets = (
				1DBAAA9217129BDB002E32F7 /* FusionKit */,
				1DBAAAB61712A311002E32F7 /* FusionKitTest */,
			);
		};
/* End PBXProject section */

/* Begin PBXResourcesBuildPhase section */
		1DBAAA9117129BDB002E32F7 /* Resources */ = {
			isa = PBXResourcesBuildPhase;
			buildActionMask = 2147483647;
			files = (
				1DBAAAA117129BDB002E32F7 /* InfoPlist.strings in Resources */,
			);
			runOnlyForDeploymentPostprocessing = 0;
		};
		1DBAAAB41712A311002E32F7 /* Resources */ = {
			isa = PBXResourcesBuildPhase;
			buildActionMask = 2147483647;
			files = (
				1DBAAAC01712A311002E32F7 /* InfoPlist.strings in Resources */,
			);
			runOnlyForDeploymentPostprocessing = 0;
		};
/* End PBXResourcesBuildPhase section */

/* Begin PBXShellScriptBuildPhase section */
		1DBAAAB51712A311002E32F7 /* ShellScript */ = {
			isa = PBXShellScriptBuildPhase;
			buildActionMask = 2147483647;
			files = (
			);
			inputPaths = (
			);
			outputPaths = (
			);
			runOnlyForDeploymentPostprocessing = 0;
			shellPath = /bin/sh;
			shellScript = "# Run the unit tests in this test bundle.\n\"${SYSTEM_DEVELOPER_DIR}/Tools/RunUnitTests\"\n";
		};
		1DBAAACE1712A529002E32F7 /* WFVersion.m */ = {
			isa = PBXShellScriptBuildPhase;
			buildActionMask = 2147483647;
			files = (
			);
			inputPaths = (
			);
			name = WFVersion.m;
			outputPaths = (
			);
			runOnlyForDeploymentPostprocessing = 0;
			shellPath = /bin/sh;
			shellScript = "cd $SRCROOT/..\nprintf \"#import \\\"WFDecls.h\\\"\\nWFStaticStringValue(WFVersion, @\\\"%s\\\");\\n\" `git describe --always --tag` > $SRCROOT/FusionKit/WFVersion.m";
		};
		1DBAAAD61712A591002E32F7 /* git-version.plist */ = {
			isa = PBXShellScriptBuildPhase;
			buildActionMask = 2147483647;
			files = (
			);
			inputPaths = (
			);
			name = "git-version.plist";
			outputPaths = (
			);
			runOnlyForDeploymentPostprocessing = 0;
			shellPath = /bin/sh;
			shellScript = "cd $SRCROOT/..\nprintf \"{ \\\"git-version\\\" = \\\"%s\\\"; }\\n\" `git describe --always --tag` > $TARGET_BUILD_DIR/$UNLOCALIZED_RESOURCES_FOLDER_PATH/git-version.plist";
		};
/* End PBXShellScriptBuildPhase section */

/* Begin PBXSourcesBuildPhase section */
		1DBAAA8E17129BDB002E32F7 /* Sources */ = {
			isa = PBXSourcesBuildPhase;
			buildActionMask = 2147483647;
			files = (
				1DBAAAAE17129F51002E32F7 /* WFCommon.m in Sources */,
				1DBAAACD1712A4AD002E32F7 /* WFVersion.m in Sources */,
			);
			runOnlyForDeploymentPostprocessing = 0;
		};
		1DBAAAB21712A311002E32F7 /* Sources */ = {
			isa = PBXSourcesBuildPhase;
			buildActionMask = 2147483647;
			files = (
				1DBAAACB1712A36E002E32F7 /* WFCommonTest.m in Sources */,
			);
			runOnlyForDeploymentPostprocessing = 0;
		};
/* End PBXSourcesBuildPhase section */

/* Begin PBXVariantGroup section */
		1DBAAA9F17129BDB002E32F7 /* InfoPlist.strings */ = {
			isa = PBXVariantGroup;
			children = (
				1DBAAAA017129BDB002E32F7 /* en */,
			);
			name = InfoPlist.strings;
			sourceTree = "<group>";
		};
		1DBAAABE1712A311002E32F7 /* InfoPlist.strings */ = {
			isa = PBXVariantGroup;
			children = (
				1DBAAABF1712A311002E32F7 /* en */,
			);
			name = InfoPlist.strings;
			sourceTree = "<group>";
		};
/* End PBXVariantGroup section */

/* Begin XCBuildConfiguration section */
		1DBAAA8B17129B73002E32F7 /* Debug */ = {
			isa = XCBuildConfiguration;
			buildSettings = {
			};
			name = Debug;
		};
		1DBAAA8C17129B73002E32F7 /* Release */ = {
			isa = XCBuildConfiguration;
			buildSettings = {
			};
			name = Release;
		};
		1DBAAAA717129BDB002E32F7 /* Debug */ = {
			isa = XCBuildConfiguration;
			buildSettings = {
				ALWAYS_SEARCH_USER_PATHS = NO;
				ARCHS = "$(ARCHS_STANDARD_64_BIT)";
				CLANG_CXX_LANGUAGE_STANDARD = "gnu++0x";
				CLANG_CXX_LIBRARY = "libc++";
				CLANG_ENABLE_OBJC_ARC = YES;
				CLANG_WARN_CONSTANT_CONVERSION = YES;
				CLANG_WARN_EMPTY_BODY = YES;
				CLANG_WARN_ENUM_CONVERSION = YES;
				CLANG_WARN_INT_CONVERSION = YES;
				CLANG_WARN__DUPLICATE_METHOD_MATCH = YES;
				COMBINE_HIDPI_IMAGES = YES;
				COPY_PHASE_STRIP = NO;
				DYLIB_COMPATIBILITY_VERSION = 1;
				DYLIB_CURRENT_VERSION = 1;
				FRAMEWORK_VERSION = A;
				GCC_C_LANGUAGE_STANDARD = gnu99;
				GCC_DYNAMIC_NO_PIC = NO;
				GCC_ENABLE_OBJC_EXCEPTIONS = YES;
				GCC_OPTIMIZATION_LEVEL = 0;
				GCC_PRECOMPILE_PREFIX_HEADER = YES;
				GCC_PREFIX_HEADER = "FusionKit/FusionKit-Prefix.pch";
				GCC_PREPROCESSOR_DEFINITIONS = (
					"DEBUG=1",
					"$(inherited)",
				);
				GCC_SYMBOLS_PRIVATE_EXTERN = NO;
				GCC_WARN_64_TO_32_BIT_CONVERSION = YES;
				GCC_WARN_ABOUT_RETURN_TYPE = YES;
				GCC_WARN_UNINITIALIZED_AUTOS = YES;
				GCC_WARN_UNUSED_VARIABLE = YES;
				INFOPLIST_FILE = "FusionKit/FusionKit-Info.plist";
				MACOSX_DEPLOYMENT_TARGET = 10.8;
				ONLY_ACTIVE_ARCH = YES;
				PRODUCT_NAME = "$(TARGET_NAME)";
				SDKROOT = macosx;
				WRAPPER_EXTENSION = framework;
			};
			name = Debug;
		};
		1DBAAAA817129BDB002E32F7 /* Release */ = {
			isa = XCBuildConfiguration;
			buildSettings = {
				ALWAYS_SEARCH_USER_PATHS = NO;
				ARCHS = "$(ARCHS_STANDARD_64_BIT)";
				CLANG_CXX_LANGUAGE_STANDARD = "gnu++0x";
				CLANG_CXX_LIBRARY = "libc++";
				CLANG_ENABLE_OBJC_ARC = YES;
				CLANG_WARN_CONSTANT_CONVERSION = YES;
				CLANG_WARN_EMPTY_BODY = YES;
				CLANG_WARN_ENUM_CONVERSION = YES;
				CLANG_WARN_INT_CONVERSION = YES;
				CLANG_WARN__DUPLICATE_METHOD_MATCH = YES;
				COMBINE_HIDPI_IMAGES = YES;
				COPY_PHASE_STRIP = YES;
				DEBUG_INFORMATION_FORMAT = "dwarf-with-dsym";
				DYLIB_COMPATIBILITY_VERSION = 1;
				DYLIB_CURRENT_VERSION = 1;
				FRAMEWORK_VERSION = A;
				GCC_C_LANGUAGE_STANDARD = gnu99;
				GCC_ENABLE_OBJC_EXCEPTIONS = YES;
				GCC_PRECOMPILE_PREFIX_HEADER = YES;
				GCC_PREFIX_HEADER = "FusionKit/FusionKit-Prefix.pch";
				GCC_WARN_64_TO_32_BIT_CONVERSION = YES;
				GCC_WARN_ABOUT_RETURN_TYPE = YES;
				GCC_WARN_UNINITIALIZED_AUTOS = YES;
				GCC_WARN_UNUSED_VARIABLE = YES;
				INFOPLIST_FILE = "FusionKit/FusionKit-Info.plist";
				MACOSX_DEPLOYMENT_TARGET = 10.8;
				PRODUCT_NAME = "$(TARGET_NAME)";
				SDKROOT = macosx;
				WRAPPER_EXTENSION = framework;
			};
			name = Release;
		};
		1DBAAAC61712A311002E32F7 /* Debug */ = {
			isa = XCBuildConfiguration;
			buildSettings = {
				ALWAYS_SEARCH_USER_PATHS = NO;
				ARCHS = "$(ARCHS_STANDARD_64_BIT)";
				CLANG_CXX_LANGUAGE_STANDARD = "gnu++0x";
				CLANG_CXX_LIBRARY = "libc++";
				CLANG_ENABLE_OBJC_ARC = YES;
				CLANG_WARN_CONSTANT_CONVERSION = YES;
				CLANG_WARN_EMPTY_BODY = YES;
				CLANG_WARN_ENUM_CONVERSION = YES;
				CLANG_WARN_INT_CONVERSION = YES;
				CLANG_WARN__DUPLICATE_METHOD_MATCH = YES;
				COMBINE_HIDPI_IMAGES = YES;
				COPY_PHASE_STRIP = NO;
				FRAMEWORK_SEARCH_PATHS = "\"$(DEVELOPER_LIBRARY_DIR)/Frameworks\"";
				GCC_C_LANGUAGE_STANDARD = gnu99;
				GCC_DYNAMIC_NO_PIC = NO;
				GCC_ENABLE_OBJC_EXCEPTIONS = YES;
				GCC_OPTIMIZATION_LEVEL = 0;
				GCC_PRECOMPILE_PREFIX_HEADER = YES;
				GCC_PREFIX_HEADER = "FusionKitTest/FusionKitTest-Prefix.pch";
				GCC_PREPROCESSOR_DEFINITIONS = (
					"DEBUG=1",
					"$(inherited)",
				);
				GCC_SYMBOLS_PRIVATE_EXTERN = NO;
				GCC_WARN_64_TO_32_BIT_CONVERSION = YES;
				GCC_WARN_ABOUT_RETURN_TYPE = YES;
				GCC_WARN_UNINITIALIZED_AUTOS = YES;
				GCC_WARN_UNUSED_VARIABLE = YES;
				INFOPLIST_FILE = "FusionKitTest/FusionKitTest-Info.plist";
				MACOSX_DEPLOYMENT_TARGET = 10.8;
				ONLY_ACTIVE_ARCH = YES;
				PRODUCT_NAME = "$(TARGET_NAME)";
				SDKROOT = macosx;
				WRAPPER_EXTENSION = octest;
			};
			name = Debug;
		};
		1DBAAAC71712A311002E32F7 /* Release */ = {
			isa = XCBuildConfiguration;
			buildSettings = {
				ALWAYS_SEARCH_USER_PATHS = NO;
				ARCHS = "$(ARCHS_STANDARD_64_BIT)";
				CLANG_CXX_LANGUAGE_STANDARD = "gnu++0x";
				CLANG_CXX_LIBRARY = "libc++";
				CLANG_ENABLE_OBJC_ARC = YES;
				CLANG_WARN_CONSTANT_CONVERSION = YES;
				CLANG_WARN_EMPTY_BODY = YES;
				CLANG_WARN_ENUM_CONVERSION = YES;
				CLANG_WARN_INT_CONVERSION = YES;
				CLANG_WARN__DUPLICATE_METHOD_MATCH = YES;
				COMBINE_HIDPI_IMAGES = YES;
				COPY_PHASE_STRIP = YES;
				DEBUG_INFORMATION_FORMAT = "dwarf-with-dsym";
				FRAMEWORK_SEARCH_PATHS = "\"$(DEVELOPER_LIBRARY_DIR)/Frameworks\"";
				GCC_C_LANGUAGE_STANDARD = gnu99;
				GCC_ENABLE_OBJC_EXCEPTIONS = YES;
				GCC_PRECOMPILE_PREFIX_HEADER = YES;
				GCC_PREFIX_HEADER = "FusionKitTest/FusionKitTest-Prefix.pch";
				GCC_WARN_64_TO_32_BIT_CONVERSION = YES;
				GCC_WARN_ABOUT_RETURN_TYPE = YES;
				GCC_WARN_UNINITIALIZED_AUTOS = YES;
				GCC_WARN_UNUSED_VARIABLE = YES;
				INFOPLIST_FILE = "FusionKitTest/FusionKitTest-Info.plist";
				MACOSX_DEPLOYMENT_TARGET = 10.8;
				PRODUCT_NAME = "$(TARGET_NAME)";
				SDKROOT = macosx;
				WRAPPER_EXTENSION = octest;
			};
			name = Release;
		};
/* End XCBuildConfiguration section */

/* Begin XCConfigurationList section */
		1DBAAA8A17129B73002E32F7 /* Build configuration list for PBXProject "FusionKit.D" */ = {
			isa = XCConfigurationList;
			buildConfigurations = (
				1DBAAA8B17129B73002E32F7 /* Debug */,
				1DBAAA8C17129B73002E32F7 /* Release */,
			);
			defaultConfigurationIsVisible = 0;
			defaultConfigurationName = Release;
		};
		1DBAAAA617129BDB002E32F7 /* Build configuration list for PBXNativeTarget "FusionKit" */ = {
			isa = XCConfigurationList;
			buildConfigurations = (
				1DBAAAA717129BDB002E32F7 /* Debug */,
				1DBAAAA817129BDB002E32F7 /* Release */,
			);
			defaultConfigurationIsVisible = 0;
		};
		1DBAAAC51712A311002E32F7 /* Build configuration list for PBXNativeTarget "FusionKitTest" */ = {
			isa = XCConfigurationList;
			buildConfigurations = (
				1DBAAAC61712A311002E32F7 /* Debug */,
				1DBAAAC71712A311002E32F7 /* Release */,
			);
			defaultConfigurationIsVisible = 0;
		};
/* End XCConfigurationList section */
	};
	rootObject = 1DBAAA8717129B73002E32F7 /* Project object */;
}
