// !$*UTF8*$!
{
	archiveVersion = 1;
	classes = {
	};
	objectVersion = 46;
	objects = {

/* Begin PBXBuildFile section */
		1DBAAA9717129BDB002E32F7 /* Cocoa.framework in Frameworks */ = {isa = PBXBuildFile; fileRef = 1DBAAA9617129BDB002E32F7 /* Cocoa.framework */; };
		1DBAAAA117129BDB002E32F7 /* InfoPlist.strings in Resources */ = {isa = PBXBuildFile; fileRef = 1DBAAA9F17129BDB002E32F7 /* InfoPlist.strings */; };
		1DBAAAAA17129C19002E32F7 /* WFDecls.h in Headers */ = {isa = PBXBuildFile; fileRef = 1DBAAAA917129C16002E32F7 /* WFDecls.h */; settings = {ATTRIBUTES = (Public, ); }; };
		1DBAAAAB17129C1E002E32F7 /* FusionKit.h in Headers */ = {isa = PBXBuildFile; fileRef = 1DBAAAA317129BDB002E32F7 /* FusionKit.h */; settings = {ATTRIBUTES = (Public, ); }; };
		1DBAAAAE17129F51002E32F7 /* WFCommon.m in Sources */ = {isa = PBXBuildFile; fileRef = 1DBAAAAD17129F51002E32F7 /* WFCommon.m */; };
		1DBAAAAF17129F98002E32F7 /* WFTypes.h in Headers */ = {isa = PBXBuildFile; fileRef = 1DBAAAAC17129EFB002E32F7 /* WFTypes.h */; settings = {ATTRIBUTES = (Public, ); }; };
		1DBAAAB11712A0D7002E32F7 /* WFConstants.h in Headers */ = {isa = PBXBuildFile; fileRef = 1DBAAAB01712A0D7002E32F7 /* WFConstants.h */; settings = {ATTRIBUTES = (Public, ); }; };
		1DBAAAB91712A311002E32F7 /* SenTestingKit.framework in Frameworks */ = {isa = PBXBuildFile; fileRef = 1DBAAAB81712A311002E32F7 /* SenTestingKit.framework */; };
		1DBAAABA1712A311002E32F7 /* Cocoa.framework in Frameworks */ = {isa = PBXBuildFile; fileRef = 1DBAAA9617129BDB002E32F7 /* Cocoa.framework */; };
		1DBAAAC01712A311002E32F7 /* InfoPlist.strings in Resources */ = {isa = PBXBuildFile; fileRef = 1DBAAABE1712A311002E32F7 /* InfoPlist.strings */; };
		1DBAAAC81712A31B002E32F7 /* FusionKit.framework in Frameworks */ = {isa = PBXBuildFile; fileRef = 1DBAAA9317129BDB002E32F7 /* FusionKit.framework */; };
		1DBAAACB1712A36E002E32F7 /* WFCommonTest.m in Sources */ = {isa = PBXBuildFile; fileRef = 1DBAAACA1712A36E002E32F7 /* WFCommonTest.m */; };
		1DBAAAD91712A816002E32F7 /* WFObject.h in Headers */ = {isa = PBXBuildFile; fileRef = 1DBAAAD71712A816002E32F7 /* WFObject.h */; settings = {ATTRIBUTES = (Public, ); }; };
		1DBAAADA1712A816002E32F7 /* WFObject.m in Sources */ = {isa = PBXBuildFile; fileRef = 1DBAAAD81712A816002E32F7 /* WFObject.m */; };
		1DBAAAE11712BCB4002E32F7 /* WFWrapper.h in Headers */ = {isa = PBXBuildFile; fileRef = 1DBAAADF1712BCB4002E32F7 /* WFWrapper.h */; settings = {ATTRIBUTES = (Public, ); }; };
		1DBAAAE21712BCB4002E32F7 /* WFWrapper.m in Sources */ = {isa = PBXBuildFile; fileRef = 1DBAAAE01712BCB4002E32F7 /* WFWrapper.m */; };
		1DBAAAE51712C181002E32F7 /* WFConnection.h in Headers */ = {isa = PBXBuildFile; fileRef = 1DBAAAE31712C181002E32F7 /* WFConnection.h */; settings = {ATTRIBUTES = (Public, ); }; };
		1DBAAAE61712C181002E32F7 /* WFConnection.m in Sources */ = {isa = PBXBuildFile; fileRef = 1DBAAAE41712C181002E32F7 /* WFConnection.m */; };
		1DBAAAED171309B2002E32F7 /* WFNull.h in Headers */ = {isa = PBXBuildFile; fileRef = 1DBAAAEB171309B2002E32F7 /* WFNull.h */; settings = {ATTRIBUTES = (Public, ); }; };
		1DBAAAEE171309B2002E32F7 /* WFNull.m in Sources */ = {isa = PBXBuildFile; fileRef = 1DBAAAEC171309B2002E32F7 /* WFNull.m */; };
		1DBAAAF517130A95002E32F7 /* Cocoa.framework in Frameworks */ = {isa = PBXBuildFile; fileRef = 1DBAAA9617129BDB002E32F7 /* Cocoa.framework */; };
		1DBAAAFB17130A95002E32F7 /* InfoPlist.strings in Resources */ = {isa = PBXBuildFile; fileRef = 1DBAAAF917130A95002E32F7 /* InfoPlist.strings */; };
		1DBAAB0317130AA1002E32F7 /* FusionProtocol.framework in Frameworks */ = {isa = PBXBuildFile; fileRef = 1DBAAAF417130A95002E32F7 /* FusionProtocol.framework */; };
		1DBAAB0417130AD1002E32F7 /* FusionKit.framework in Frameworks */ = {isa = PBXBuildFile; fileRef = 1DBAAA9317129BDB002E32F7 /* FusionKit.framework */; };
		1DBAAB0517130AF4002E32F7 /* FusionProtocol.h in Headers */ = {isa = PBXBuildFile; fileRef = 1DBAAAFD17130A95002E32F7 /* FusionProtocol.h */; settings = {ATTRIBUTES = (Public, ); }; };
		1DBAAB0817130B0C002E32F7 /* WFLogin.h in Headers */ = {isa = PBXBuildFile; fileRef = 1DBAAB0617130B0C002E32F7 /* WFLogin.h */; settings = {ATTRIBUTES = (Public, ); }; };
		1DBAAB0917130B0C002E32F7 /* WFLogin.m in Sources */ = {isa = PBXBuildFile; fileRef = 1DBAAB0717130B0C002E32F7 /* WFLogin.m */; };
		1DBAAB1017131402002E32F7 /* Foundation.framework in Frameworks */ = {isa = PBXBuildFile; fileRef = 1DBAAB0F17131402002E32F7 /* Foundation.framework */; };
		1DBAAB1317131402002E32F7 /* main.m in Sources */ = {isa = PBXBuildFile; fileRef = 1DBAAB1217131402002E32F7 /* main.m */; };
		1DBAAB1B1713140E002E32F7 /* FusionKit.framework in Frameworks */ = {isa = PBXBuildFile; fileRef = 1DBAAA9317129BDB002E32F7 /* FusionKit.framework */; };
		1DBAAB1C1713140E002E32F7 /* FusionProtocol.framework in Frameworks */ = {isa = PBXBuildFile; fileRef = 1DBAAAF417130A95002E32F7 /* FusionProtocol.framework */; };
		1DBAAB1E17131436002E32F7 /* libreadline.dylib in Frameworks */ = {isa = PBXBuildFile; fileRef = 1DBAAB1D17131436002E32F7 /* libreadline.dylib */; };
		1DF66E4D1713B1AB007C3D7C /* WFHelp.m in Sources */ = {isa = PBXBuildFile; fileRef = 1DF66E4C1713B1AB007C3D7C /* WFHelp.m */; };
		1DF66E501713B4EF007C3D7C /* WFSystem.m in Sources */ = {isa = PBXBuildFile; fileRef = 1DF66E4F1713B4EF007C3D7C /* WFSystem.m */; };
		1DF66E531713D6C6007C3D7C /* WFNewsRequest.h in Headers */ = {isa = PBXBuildFile; fileRef = 1DF66E511713D6C6007C3D7C /* WFNewsRequest.h */; settings = {ATTRIBUTES = (Public, ); }; };
		1DF66E541713D6C6007C3D7C /* WFNewsRequest.m in Sources */ = {isa = PBXBuildFile; fileRef = 1DF66E521713D6C6007C3D7C /* WFNewsRequest.m */; };
		1DF66E571713D71F007C3D7C /* WFNews.h in Headers */ = {isa = PBXBuildFile; fileRef = 1DF66E551713D71F007C3D7C /* WFNews.h */; settings = {ATTRIBUTES = (Public, ); }; };
		1DF66E581713D71F007C3D7C /* WFNews.m in Sources */ = {isa = PBXBuildFile; fileRef = 1DF66E561713D71F007C3D7C /* WFNews.m */; };
		1DF66E5B1713D81C007C3D7C /* WFUniversalContact.h in Headers */ = {isa = PBXBuildFile; fileRef = 1DF66E591713D81C007C3D7C /* WFUniversalContact.h */; settings = {ATTRIBUTES = (Public, ); }; };
		1DF66E5C1713D81C007C3D7C /* WFUniversalContact.m in Sources */ = {isa = PBXBuildFile; fileRef = 1DF66E5A1713D81C007C3D7C /* WFUniversalContact.m */; };
		1DF66E5F1713D887007C3D7C /* WFMedia.h in Headers */ = {isa = PBXBuildFile; fileRef = 1DF66E5D1713D887007C3D7C /* WFMedia.h */; settings = {ATTRIBUTES = (Public, ); }; };
		1DF66E601713D887007C3D7C /* WFMedia.m in Sources */ = {isa = PBXBuildFile; fileRef = 1DF66E5E1713D887007C3D7C /* WFMedia.m */; };
		1DF66E631713DAC5007C3D7C /* NSDate+WFTimestamp.h in Headers */ = {isa = PBXBuildFile; fileRef = 1DF66E611713DAC4007C3D7C /* NSDate+WFTimestamp.h */; settings = {ATTRIBUTES = (Public, ); }; };
		1DF66E641713DAC5007C3D7C /* NSDate+WFTimestamp.m in Sources */ = {isa = PBXBuildFile; fileRef = 1DF66E621713DAC5007C3D7C /* NSDate+WFTimestamp.m */; };
		1DF66E671713DDBD007C3D7C /* WFNewsCLI.m in Sources */ = {isa = PBXBuildFile; fileRef = 1DF66E661713DDBD007C3D7C /* WFNewsCLI.m */; };
		1DF66E6917142B48007C3D7C /* GNUmakefile in Resources */ = {isa = PBXBuildFile; fileRef = 1DF66E6817142B48007C3D7C /* GNUmakefile */; };
		1DF66E6B17142D0C007C3D7C /* GNUmakefile.preamble in Resources */ = {isa = PBXBuildFile; fileRef = 1DF66E6A17142D0C007C3D7C /* GNUmakefile.preamble */; };
		1DF66E6D17143032007C3D7C /* GNUmakefile.postamble in Resources */ = {isa = PBXBuildFile; fileRef = 1DF66E6C17143032007C3D7C /* GNUmakefile.postamble */; };
/* End PBXBuildFile section */

/* Begin PBXCopyFilesBuildPhase section */
		1DBAAB0C17131402002E32F7 /* CopyFiles */ = {
			isa = PBXCopyFilesBuildPhase;
			buildActionMask = 2147483647;
			dstPath = /usr/share/man/man1/;
			dstSubfolderSpec = 0;
			files = (
			);
			runOnlyForDeploymentPostprocessing = 1;
		};
/* End PBXCopyFilesBuildPhase section */

/* Begin PBXFileReference section */
		1DBAAA8D17129BA5002E32F7 /* .gitignore */ = {isa = PBXFileReference; lastKnownFileType = text; path = .gitignore; sourceTree = "<group>"; };
		1DBAAA9317129BDB002E32F7 /* FusionKit.framework */ = {isa = PBXFileReference; explicitFileType = wrapper.framework; includeInIndex = 0; path = FusionKit.framework; sourceTree = BUILT_PRODUCTS_DIR; };
		1DBAAA9617129BDB002E32F7 /* Cocoa.framework */ = {isa = PBXFileReference; lastKnownFileType = wrapper.framework; name = Cocoa.framework; path = System/Library/Frameworks/Cocoa.framework; sourceTree = SDKROOT; };
		1DBAAA9917129BDB002E32F7 /* AppKit.framework */ = {isa = PBXFileReference; lastKnownFileType = wrapper.framework; name = AppKit.framework; path = System/Library/Frameworks/AppKit.framework; sourceTree = SDKROOT; };
		1DBAAA9A17129BDB002E32F7 /* CoreData.framework */ = {isa = PBXFileReference; lastKnownFileType = wrapper.framework; name = CoreData.framework; path = System/Library/Frameworks/CoreData.framework; sourceTree = SDKROOT; };
		1DBAAA9B17129BDB002E32F7 /* Foundation.framework */ = {isa = PBXFileReference; lastKnownFileType = wrapper.framework; name = Foundation.framework; path = System/Library/Frameworks/Foundation.framework; sourceTree = SDKROOT; };
		1DBAAA9E17129BDB002E32F7 /* FusionKit-Info.plist */ = {isa = PBXFileReference; lastKnownFileType = text.plist.xml; path = "FusionKit-Info.plist"; sourceTree = "<group>"; };
		1DBAAAA017129BDB002E32F7 /* en */ = {isa = PBXFileReference; lastKnownFileType = text.plist.strings; name = en; path = en.lproj/InfoPlist.strings; sourceTree = "<group>"; };
		1DBAAAA217129BDB002E32F7 /* FusionKit-Prefix.pch */ = {isa = PBXFileReference; lastKnownFileType = sourcecode.c.h; path = "FusionKit-Prefix.pch"; sourceTree = "<group>"; };
		1DBAAAA317129BDB002E32F7 /* FusionKit.h */ = {isa = PBXFileReference; lastKnownFileType = sourcecode.c.h; path = FusionKit.h; sourceTree = "<group>"; };
		1DBAAAA917129C16002E32F7 /* WFDecls.h */ = {isa = PBXFileReference; lastKnownFileType = sourcecode.c.h; path = WFDecls.h; sourceTree = "<group>"; };
		1DBAAAAC17129EFB002E32F7 /* WFTypes.h */ = {isa = PBXFileReference; lastKnownFileType = sourcecode.c.h; path = WFTypes.h; sourceTree = "<group>"; };
		1DBAAAAD17129F51002E32F7 /* WFCommon.m */ = {isa = PBXFileReference; fileEncoding = 4; lastKnownFileType = sourcecode.c.objc; path = WFCommon.m; sourceTree = "<group>"; };
		1DBAAAB01712A0D7002E32F7 /* WFConstants.h */ = {isa = PBXFileReference; fileEncoding = 4; lastKnownFileType = sourcecode.c.h; path = WFConstants.h; sourceTree = "<group>"; };
		1DBAAAB71712A311002E32F7 /* FusionKitTest.octest */ = {isa = PBXFileReference; explicitFileType = wrapper.cfbundle; includeInIndex = 0; path = FusionKitTest.octest; sourceTree = BUILT_PRODUCTS_DIR; };
		1DBAAAB81712A311002E32F7 /* SenTestingKit.framework */ = {isa = PBXFileReference; lastKnownFileType = wrapper.framework; name = SenTestingKit.framework; path = Library/Frameworks/SenTestingKit.framework; sourceTree = DEVELOPER_DIR; };
		1DBAAABD1712A311002E32F7 /* FusionKitTest-Info.plist */ = {isa = PBXFileReference; lastKnownFileType = text.plist.xml; path = "FusionKitTest-Info.plist"; sourceTree = "<group>"; };
		1DBAAABF1712A311002E32F7 /* en */ = {isa = PBXFileReference; lastKnownFileType = text.plist.strings; name = en; path = en.lproj/InfoPlist.strings; sourceTree = "<group>"; };
		1DBAAAC41712A311002E32F7 /* FusionKitTest-Prefix.pch */ = {isa = PBXFileReference; lastKnownFileType = sourcecode.c.h; path = "FusionKitTest-Prefix.pch"; sourceTree = "<group>"; };
		1DBAAAC91712A36E002E32F7 /* WFCommonTest.h */ = {isa = PBXFileReference; fileEncoding = 4; lastKnownFileType = sourcecode.c.h; path = WFCommonTest.h; sourceTree = "<group>"; };
		1DBAAACA1712A36E002E32F7 /* WFCommonTest.m */ = {isa = PBXFileReference; fileEncoding = 4; lastKnownFileType = sourcecode.c.objc; path = WFCommonTest.m; sourceTree = "<group>"; };
		1DBAAAD71712A816002E32F7 /* WFObject.h */ = {isa = PBXFileReference; fileEncoding = 4; lastKnownFileType = sourcecode.c.h; path = WFObject.h; sourceTree = "<group>"; };
		1DBAAAD81712A816002E32F7 /* WFObject.m */ = {isa = PBXFileReference; fileEncoding = 4; lastKnownFileType = sourcecode.c.objc; path = WFObject.m; sourceTree = "<group>"; };
		1DBAAADF1712BCB4002E32F7 /* WFWrapper.h */ = {isa = PBXFileReference; fileEncoding = 4; lastKnownFileType = sourcecode.c.h; path = WFWrapper.h; sourceTree = "<group>"; };
		1DBAAAE01712BCB4002E32F7 /* WFWrapper.m */ = {isa = PBXFileReference; fileEncoding = 4; lastKnownFileType = sourcecode.c.objc; path = WFWrapper.m; sourceTree = "<group>"; };
		1DBAAAE31712C181002E32F7 /* WFConnection.h */ = {isa = PBXFileReference; fileEncoding = 4; lastKnownFileType = sourcecode.c.h; path = WFConnection.h; sourceTree = "<group>"; };
		1DBAAAE41712C181002E32F7 /* WFConnection.m */ = {isa = PBXFileReference; fileEncoding = 4; lastKnownFileType = sourcecode.c.objc; path = WFConnection.m; sourceTree = "<group>"; };
		1DBAAAEB171309B2002E32F7 /* WFNull.h */ = {isa = PBXFileReference; fileEncoding = 4; lastKnownFileType = sourcecode.c.h; path = WFNull.h; sourceTree = "<group>"; };
		1DBAAAEC171309B2002E32F7 /* WFNull.m */ = {isa = PBXFileReference; fileEncoding = 4; lastKnownFileType = sourcecode.c.objc; path = WFNull.m; sourceTree = "<group>"; };
		1DBAAAF417130A95002E32F7 /* FusionProtocol.framework */ = {isa = PBXFileReference; explicitFileType = wrapper.framework; includeInIndex = 0; path = FusionProtocol.framework; sourceTree = BUILT_PRODUCTS_DIR; };
		1DBAAAF817130A95002E32F7 /* FusionProtocol-Info.plist */ = {isa = PBXFileReference; lastKnownFileType = text.plist.xml; path = "FusionProtocol-Info.plist"; sourceTree = "<group>"; };
		1DBAAAFA17130A95002E32F7 /* en */ = {isa = PBXFileReference; lastKnownFileType = text.plist.strings; name = en; path = en.lproj/InfoPlist.strings; sourceTree = "<group>"; };
		1DBAAAFC17130A95002E32F7 /* FusionProtocol-Prefix.pch */ = {isa = PBXFileReference; lastKnownFileType = sourcecode.c.h; path = "FusionProtocol-Prefix.pch"; sourceTree = "<group>"; };
		1DBAAAFD17130A95002E32F7 /* FusionProtocol.h */ = {isa = PBXFileReference; lastKnownFileType = sourcecode.c.h; path = FusionProtocol.h; sourceTree = "<group>"; };
		1DBAAB0617130B0C002E32F7 /* WFLogin.h */ = {isa = PBXFileReference; fileEncoding = 4; lastKnownFileType = sourcecode.c.h; path = WFLogin.h; sourceTree = "<group>"; };
		1DBAAB0717130B0C002E32F7 /* WFLogin.m */ = {isa = PBXFileReference; fileEncoding = 4; lastKnownFileType = sourcecode.c.objc; path = WFLogin.m; sourceTree = "<group>"; };
		1DBAAB0E17131402002E32F7 /* webfusion */ = {isa = PBXFileReference; explicitFileType = "compiled.mach-o.executable"; includeInIndex = 0; path = webfusion; sourceTree = BUILT_PRODUCTS_DIR; };
		1DBAAB0F17131402002E32F7 /* Foundation.framework */ = {isa = PBXFileReference; lastKnownFileType = wrapper.framework; name = Foundation.framework; path = System/Library/Frameworks/Foundation.framework; sourceTree = SDKROOT; };
		1DBAAB1217131402002E32F7 /* main.m */ = {isa = PBXFileReference; lastKnownFileType = sourcecode.c.objc; path = main.m; sourceTree = "<group>"; };
		1DBAAB1517131402002E32F7 /* WebFusion-CLI-Prefix.pch */ = {isa = PBXFileReference; lastKnownFileType = sourcecode.c.h; path = "WebFusion-CLI-Prefix.pch"; sourceTree = "<group>"; };
		1DBAAB1D17131436002E32F7 /* libreadline.dylib */ = {isa = PBXFileReference; lastKnownFileType = "compiled.mach-o.dylib"; name = libreadline.dylib; path = Platforms/MacOSX.platform/Developer/SDKs/MacOSX10.8.sdk/usr/lib/libreadline.dylib; sourceTree = DEVELOPER_DIR; };
		1DBAAB1F1713186E002E32F7 /* decls.h */ = {isa = PBXFileReference; fileEncoding = 4; lastKnownFileType = sourcecode.c.h; path = decls.h; sourceTree = "<group>"; };
		1DF66E4B1713B1AB007C3D7C /* WFHelp.h */ = {isa = PBXFileReference; fileEncoding = 4; lastKnownFileType = sourcecode.c.h; path = WFHelp.h; sourceTree = "<group>"; };
		1DF66E4C1713B1AB007C3D7C /* WFHelp.m */ = {isa = PBXFileReference; fileEncoding = 4; lastKnownFileType = sourcecode.c.objc; path = WFHelp.m; sourceTree = "<group>"; };
		1DF66E4E1713B4EF007C3D7C /* WFSystem.h */ = {isa = PBXFileReference; fileEncoding = 4; lastKnownFileType = sourcecode.c.h; path = WFSystem.h; sourceTree = "<group>"; };
		1DF66E4F1713B4EF007C3D7C /* WFSystem.m */ = {isa = PBXFileReference; fileEncoding = 4; lastKnownFileType = sourcecode.c.objc; path = WFSystem.m; sourceTree = "<group>"; };
		1DF66E511713D6C6007C3D7C /* WFNewsRequest.h */ = {isa = PBXFileReference; fileEncoding = 4; lastKnownFileType = sourcecode.c.h; path = WFNewsRequest.h; sourceTree = "<group>"; };
		1DF66E521713D6C6007C3D7C /* WFNewsRequest.m */ = {isa = PBXFileReference; fileEncoding = 4; lastKnownFileType = sourcecode.c.objc; path = WFNewsRequest.m; sourceTree = "<group>"; };
		1DF66E551713D71F007C3D7C /* WFNews.h */ = {isa = PBXFileReference; fileEncoding = 4; lastKnownFileType = sourcecode.c.h; path = WFNews.h; sourceTree = "<group>"; };
		1DF66E561713D71F007C3D7C /* WFNews.m */ = {isa = PBXFileReference; fileEncoding = 4; lastKnownFileType = sourcecode.c.objc; path = WFNews.m; sourceTree = "<group>"; };
		1DF66E591713D81C007C3D7C /* WFUniversalContact.h */ = {isa = PBXFileReference; fileEncoding = 4; lastKnownFileType = sourcecode.c.h; path = WFUniversalContact.h; sourceTree = "<group>"; };
		1DF66E5A1713D81C007C3D7C /* WFUniversalContact.m */ = {isa = PBXFileReference; fileEncoding = 4; lastKnownFileType = sourcecode.c.objc; path = WFUniversalContact.m; sourceTree = "<group>"; };
		1DF66E5D1713D887007C3D7C /* WFMedia.h */ = {isa = PBXFileReference; fileEncoding = 4; lastKnownFileType = sourcecode.c.h; path = WFMedia.h; sourceTree = "<group>"; };
		1DF66E5E1713D887007C3D7C /* WFMedia.m */ = {isa = PBXFileReference; fileEncoding = 4; lastKnownFileType = sourcecode.c.objc; path = WFMedia.m; sourceTree = "<group>"; };
		1DF66E611713DAC4007C3D7C /* NSDate+WFTimestamp.h */ = {isa = PBXFileReference; fileEncoding = 4; lastKnownFileType = sourcecode.c.h; path = "NSDate+WFTimestamp.h"; sourceTree = "<group>"; };
		1DF66E621713DAC5007C3D7C /* NSDate+WFTimestamp.m */ = {isa = PBXFileReference; fileEncoding = 4; lastKnownFileType = sourcecode.c.objc; path = "NSDate+WFTimestamp.m"; sourceTree = "<group>"; };
		1DF66E651713DDBD007C3D7C /* WFNewsCLI.h */ = {isa = PBXFileReference; fileEncoding = 4; lastKnownFileType = sourcecode.c.h; path = WFNewsCLI.h; sourceTree = "<group>"; };
		1DF66E661713DDBD007C3D7C /* WFNewsCLI.m */ = {isa = PBXFileReference; fileEncoding = 4; lastKnownFileType = sourcecode.c.objc; path = WFNewsCLI.m; sourceTree = "<group>"; };
		1DF66E6817142B48007C3D7C /* GNUmakefile */ = {isa = PBXFileReference; explicitFileType = sourcecode.make; fileEncoding = 4; path = GNUmakefile; sourceTree = "<group>"; usesTabs = 1; };
		1DF66E6A17142D0C007C3D7C /* GNUmakefile.preamble */ = {isa = PBXFileReference; explicitFileType = sourcecode.make; fileEncoding = 4; path = GNUmakefile.preamble; sourceTree = "<group>"; usesTabs = 1; };
		1DF66E6C17143032007C3D7C /* GNUmakefile.postamble */ = {isa = PBXFileReference; explicitFileType = sourcecode.make; fileEncoding = 4; path = GNUmakefile.postamble; sourceTree = "<group>"; usesTabs = 1; };
/* End PBXFileReference section */

/* Begin PBXFrameworksBuildPhase section */
		1DBAAA8F17129BDB002E32F7 /* Frameworks */ = {
			isa = PBXFrameworksBuildPhase;
			buildActionMask = 2147483647;
			files = (
				1DBAAA9717129BDB002E32F7 /* Cocoa.framework in Frameworks */,
			);
			runOnlyForDeploymentPostprocessing = 0;
		};
		1DBAAAB31712A311002E32F7 /* Frameworks */ = {
			isa = PBXFrameworksBuildPhase;
			buildActionMask = 2147483647;
			files = (
				1DBAAB0317130AA1002E32F7 /* FusionProtocol.framework in Frameworks */,
				1DBAAAC81712A31B002E32F7 /* FusionKit.framework in Frameworks */,
				1DBAAAB91712A311002E32F7 /* SenTestingKit.framework in Frameworks */,
				1DBAAABA1712A311002E32F7 /* Cocoa.framework in Frameworks */,
			);
			runOnlyForDeploymentPostprocessing = 0;
		};
		1DBAAAF017130A95002E32F7 /* Frameworks */ = {
			isa = PBXFrameworksBuildPhase;
			buildActionMask = 2147483647;
			files = (
				1DBAAB0417130AD1002E32F7 /* FusionKit.framework in Frameworks */,
				1DBAAAF517130A95002E32F7 /* Cocoa.framework in Frameworks */,
			);
			runOnlyForDeploymentPostprocessing = 0;
		};
		1DBAAB0B17131402002E32F7 /* Frameworks */ = {
			isa = PBXFrameworksBuildPhase;
			buildActionMask = 2147483647;
			files = (
				1DBAAB1E17131436002E32F7 /* libreadline.dylib in Frameworks */,
				1DBAAB1B1713140E002E32F7 /* FusionKit.framework in Frameworks */,
				1DBAAB1C1713140E002E32F7 /* FusionProtocol.framework in Frameworks */,
				1DBAAB1017131402002E32F7 /* Foundation.framework in Frameworks */,
			);
			runOnlyForDeploymentPostprocessing = 0;
		};
/* End PBXFrameworksBuildPhase section */

/* Begin PBXGroup section */
		1DBAAA8617129B73002E32F7 = {
			isa = PBXGroup;
			children = (
				1DBAAA8D17129BA5002E32F7 /* .gitignore */,
				1DBAAA9C17129BDB002E32F7 /* FusionKit */,
				1DBAAAF617130A95002E32F7 /* FusionProtocol */,
				1DBAAABB1712A311002E32F7 /* FusionKitTest */,
				1DBAAB1117131402002E32F7 /* WebFusion-CLI */,
				1DBAAA9517129BDB002E32F7 /* Frameworks */,
				1DBAAA9417129BDB002E32F7 /* Products */,
			);
			sourceTree = "<group>";
		};
		1DBAAA9417129BDB002E32F7 /* Products */ = {
			isa = PBXGroup;
			children = (
				1DBAAA9317129BDB002E32F7 /* FusionKit.framework */,
				1DBAAAB71712A311002E32F7 /* FusionKitTest.octest */,
				1DBAAAF417130A95002E32F7 /* FusionProtocol.framework */,
				1DBAAB0E17131402002E32F7 /* webfusion */,
			);
			name = Products;
			sourceTree = "<group>";
		};
		1DBAAA9517129BDB002E32F7 /* Frameworks */ = {
			isa = PBXGroup;
			children = (
				1DBAAB1D17131436002E32F7 /* libreadline.dylib */,
				1DBAAA9617129BDB002E32F7 /* Cocoa.framework */,
				1DBAAAB81712A311002E32F7 /* SenTestingKit.framework */,
				1DBAAB0F17131402002E32F7 /* Foundation.framework */,
				1DBAAA9817129BDB002E32F7 /* Other Frameworks */,
			);
			name = Frameworks;
			sourceTree = "<group>";
		};
		1DBAAA9817129BDB002E32F7 /* Other Frameworks */ = {
			isa = PBXGroup;
			children = (
				1DBAAA9917129BDB002E32F7 /* AppKit.framework */,
				1DBAAA9A17129BDB002E32F7 /* CoreData.framework */,
				1DBAAA9B17129BDB002E32F7 /* Foundation.framework */,
			);
			name = "Other Frameworks";
			sourceTree = "<group>";
		};
		1DBAAA9C17129BDB002E32F7 /* FusionKit */ = {
			isa = PBXGroup;
			children = (
				1DBAAAA317129BDB002E32F7 /* FusionKit.h */,
				1DBAAAA917129C16002E32F7 /* WFDecls.h */,
				1DBAAAAC17129EFB002E32F7 /* WFTypes.h */,
				1DBAAAB01712A0D7002E32F7 /* WFConstants.h */,
				1DBAAAAD17129F51002E32F7 /* WFCommon.m */,
				1DBAAAD71712A816002E32F7 /* WFObject.h */,
				1DBAAAD81712A816002E32F7 /* WFObject.m */,
				1DBAAAEB171309B2002E32F7 /* WFNull.h */,
				1DBAAAEC171309B2002E32F7 /* WFNull.m */,
				1DBAAADF1712BCB4002E32F7 /* WFWrapper.h */,
				1DBAAAE01712BCB4002E32F7 /* WFWrapper.m */,
				1DBAAAE31712C181002E32F7 /* WFConnection.h */,
				1DBAAAE41712C181002E32F7 /* WFConnection.m */,
				1DF66E6A17142D0C007C3D7C /* GNUmakefile.preamble */,
				1DF66E6817142B48007C3D7C /* GNUmakefile */,
				1DF66E6C17143032007C3D7C /* GNUmakefile.postamble */,
				1DBAAA9D17129BDB002E32F7 /* Supporting Files */,
			);
			path = FusionKit;
			sourceTree = "<group>";
		};
		1DBAAA9D17129BDB002E32F7 /* Supporting Files */ = {
			isa = PBXGroup;
			children = (
				1DBAAA9E17129BDB002E32F7 /* FusionKit-Info.plist */,
				1DBAAA9F17129BDB002E32F7 /* InfoPlist.strings */,
				1DBAAAA217129BDB002E32F7 /* FusionKit-Prefix.pch */,
			);
			name = "Supporting Files";
			sourceTree = "<group>";
		};
		1DBAAABB1712A311002E32F7 /* FusionKitTest */ = {
			isa = PBXGroup;
			children = (
				1DBAAABC1712A311002E32F7 /* Supporting Files */,
				1DBAAAC91712A36E002E32F7 /* WFCommonTest.h */,
				1DBAAACA1712A36E002E32F7 /* WFCommonTest.m */,
			);
			path = FusionKitTest;
			sourceTree = "<group>";
		};
		1DBAAABC1712A311002E32F7 /* Supporting Files */ = {
			isa = PBXGroup;
			children = (
				1DBAAABD1712A311002E32F7 /* FusionKitTest-Info.plist */,
				1DBAAABE1712A311002E32F7 /* InfoPlist.strings */,
				1DBAAAC41712A311002E32F7 /* FusionKitTest-Prefix.pch */,
			);
			name = "Supporting Files";
			sourceTree = "<group>";
		};
		1DBAAAF617130A95002E32F7 /* FusionProtocol */ = {
			isa = PBXGroup;
			children = (
				1DBAAAFD17130A95002E32F7 /* FusionProtocol.h */,
				1DF66E611713DAC4007C3D7C /* NSDate+WFTimestamp.h */,
				1DF66E621713DAC5007C3D7C /* NSDate+WFTimestamp.m */,
				1DBAAB0617130B0C002E32F7 /* WFLogin.h */,
				1DBAAB0717130B0C002E32F7 /* WFLogin.m */,
				1DF66E511713D6C6007C3D7C /* WFNewsRequest.h */,
				1DF66E521713D6C6007C3D7C /* WFNewsRequest.m */,
				1DF66E551713D71F007C3D7C /* WFNews.h */,
				1DF66E561713D71F007C3D7C /* WFNews.m */,
				1DF66E591713D81C007C3D7C /* WFUniversalContact.h */,
				1DF66E5A1713D81C007C3D7C /* WFUniversalContact.m */,
				1DF66E5D1713D887007C3D7C /* WFMedia.h */,
				1DF66E5E1713D887007C3D7C /* WFMedia.m */,
				1DBAAAF717130A95002E32F7 /* Supporting Files */,
			);
			path = FusionProtocol;
			sourceTree = "<group>";
		};
		1DBAAAF717130A95002E32F7 /* Supporting Files */ = {
			isa = PBXGroup;
			children = (
				1DBAAAF817130A95002E32F7 /* FusionProtocol-Info.plist */,
				1DBAAAF917130A95002E32F7 /* InfoPlist.strings */,
				1DBAAAFC17130A95002E32F7 /* FusionProtocol-Prefix.pch */,
			);
			name = "Supporting Files";
			sourceTree = "<group>";
		};
		1DBAAB1117131402002E32F7 /* WebFusion-CLI */ = {
			isa = PBXGroup;
			children = (
				1DBAAB1F1713186E002E32F7 /* decls.h */,
				1DBAAB1217131402002E32F7 /* main.m */,
				1DF66E4B1713B1AB007C3D7C /* WFHelp.h */,
				1DF66E4C1713B1AB007C3D7C /* WFHelp.m */,
				1DF66E4E1713B4EF007C3D7C /* WFSystem.h */,
				1DF66E4F1713B4EF007C3D7C /* WFSystem.m */,
				1DF66E651713DDBD007C3D7C /* WFNewsCLI.h */,
				1DF66E661713DDBD007C3D7C /* WFNewsCLI.m */,
				1DBAAB1417131402002E32F7 /* Supporting Files */,
			);
			path = "WebFusion-CLI";
			sourceTree = "<group>";
		};
		1DBAAB1417131402002E32F7 /* Supporting Files */ = {
			isa = PBXGroup;
			children = (
				1DBAAB1517131402002E32F7 /* WebFusion-CLI-Prefix.pch */,
			);
			name = "Supporting Files";
			sourceTree = "<group>";
		};
/* End PBXGroup section */

/* Begin PBXHeadersBuildPhase section */
		1DBAAA9017129BDB002E32F7 /* Headers */ = {
			isa = PBXHeadersBuildPhase;
			buildActionMask = 2147483647;
			files = (
				1DBAAAAA17129C19002E32F7 /* WFDecls.h in Headers */,
				1DBAAAAB17129C1E002E32F7 /* FusionKit.h in Headers */,
				1DBAAAAF17129F98002E32F7 /* WFTypes.h in Headers */,
				1DBAAAB11712A0D7002E32F7 /* WFConstants.h in Headers */,
				1DBAAAD91712A816002E32F7 /* WFObject.h in Headers */,
				1DBAAAE11712BCB4002E32F7 /* WFWrapper.h in Headers */,
				1DBAAAE51712C181002E32F7 /* WFConnection.h in Headers */,
				1DBAAAED171309B2002E32F7 /* WFNull.h in Headers */,
			);
			runOnlyForDeploymentPostprocessing = 0;
		};
		1DBAAAF117130A95002E32F7 /* Headers */ = {
			isa = PBXHeadersBuildPhase;
			buildActionMask = 2147483647;
			files = (
				1DBAAB0517130AF4002E32F7 /* FusionProtocol.h in Headers */,
				1DBAAB0817130B0C002E32F7 /* WFLogin.h in Headers */,
				1DF66E531713D6C6007C3D7C /* WFNewsRequest.h in Headers */,
				1DF66E571713D71F007C3D7C /* WFNews.h in Headers */,
				1DF66E5B1713D81C007C3D7C /* WFUniversalContact.h in Headers */,
				1DF66E5F1713D887007C3D7C /* WFMedia.h in Headers */,
				1DF66E631713DAC5007C3D7C /* NSDate+WFTimestamp.h in Headers */,
			);
			runOnlyForDeploymentPostprocessing = 0;
		};
/* End PBXHeadersBuildPhase section */

/* Begin PBXNativeTarget section */
		1DBAAA9217129BDB002E32F7 /* FusionKit */ = {
			isa = PBXNativeTarget;
			buildConfigurationList = 1DBAAAA617129BDB002E32F7 /* Build configuration list for PBXNativeTarget "FusionKit" */;
			buildPhases = (
				1DBAAA8E17129BDB002E32F7 /* Sources */,
				1DBAAA8F17129BDB002E32F7 /* Frameworks */,
				1DBAAA9017129BDB002E32F7 /* Headers */,
				1DBAAA9117129BDB002E32F7 /* Resources */,
				1DBAAAD61712A591002E32F7 /* git-version.plist */,
			);
			buildRules = (
			);
			dependencies = (
			);
			name = FusionKit;
			productName = FusionKit;
			productReference = 1DBAAA9317129BDB002E32F7 /* FusionKit.framework */;
			productType = "com.apple.product-type.framework";
		};
		1DBAAAB61712A311002E32F7 /* FusionKitTest */ = {
			isa = PBXNativeTarget;
			buildConfigurationList = 1DBAAAC51712A311002E32F7 /* Build configuration list for PBXNativeTarget "FusionKitTest" */;
			buildPhases = (
				1DBAAAB21712A311002E32F7 /* Sources */,
				1DBAAAB31712A311002E32F7 /* Frameworks */,
				1DBAAAB41712A311002E32F7 /* Resources */,
				1DBAAAB51712A311002E32F7 /* ShellScript */,
			);
			buildRules = (
			);
			dependencies = (
			);
			name = FusionKitTest;
			productName = FusionKitTest;
			productReference = 1DBAAAB71712A311002E32F7 /* FusionKitTest.octest */;
			productType = "com.apple.product-type.bundle";
		};
		1DBAAAF317130A95002E32F7 /* FusionProtocol */ = {
			isa = PBXNativeTarget;
			buildConfigurationList = 1DBAAB0017130A95002E32F7 /* Build configuration list for PBXNativeTarget "FusionProtocol" */;
			buildPhases = (
				1DBAAAEF17130A95002E32F7 /* Sources */,
				1DBAAAF017130A95002E32F7 /* Frameworks */,
				1DBAAAF117130A95002E32F7 /* Headers */,
				1DBAAAF217130A95002E32F7 /* Resources */,
			);
			buildRules = (
			);
			dependencies = (
			);
			name = FusionProtocol;
			productName = FusionProtocol;
			productReference = 1DBAAAF417130A95002E32F7 /* FusionProtocol.framework */;
			productType = "com.apple.product-type.framework";
		};
		1DBAAB0D17131402002E32F7 /* WebFusion-CLI */ = {
			isa = PBXNativeTarget;
			buildConfigurationList = 1DBAAB1817131402002E32F7 /* Build configuration list for PBXNativeTarget "WebFusion-CLI" */;
			buildPhases = (
				1DBAAB0A17131402002E32F7 /* Sources */,
				1DBAAB0B17131402002E32F7 /* Frameworks */,
				1DBAAB0C17131402002E32F7 /* CopyFiles */,
			);
			buildRules = (
			);
			dependencies = (
			);
			name = "WebFusion-CLI";
			productName = "WebFusion-CLI";
			productReference = 1DBAAB0E17131402002E32F7 /* webfusion */;
			productType = "com.apple.product-type.tool";
		};
/* End PBXNativeTarget section */

/* Begin PBXProject section */
		1DBAAA8717129B73002E32F7 /* Project object */ = {
			isa = PBXProject;
			attributes = {
				CLASSPREFIX = WF;
				LastUpgradeCheck = 0460;
				ORGANIZATIONNAME = "myWorld Creations";
			};
			buildConfigurationList = 1DBAAA8A17129B73002E32F7 /* Build configuration list for PBXProject "FusionKit.D" */;
			compatibilityVersion = "Xcode 3.2";
			developmentRegion = English;
			hasScannedForEncodings = 0;
			knownRegions = (
				en,
			);
			mainGroup = 1DBAAA8617129B73002E32F7;
			productRefGroup = 1DBAAA9417129BDB002E32F7 /* Products */;
			projectDirPath = "";
			projectRoot = "";
			targets = (
				1DBAAA9217129BDB002E32F7 /* FusionKit */,
				1DBAAAF317130A95002E32F7 /* FusionProtocol */,
				1DBAAAB61712A311002E32F7 /* FusionKitTest */,
				1DBAAB0D17131402002E32F7 /* WebFusion-CLI */,
			);
		};
/* End PBXProject section */

/* Begin PBXResourcesBuildPhase section */
		1DBAAA9117129BDB002E32F7 /* Resources */ = {
			isa = PBXResourcesBuildPhase;
			buildActionMask = 2147483647;
			files = (
				1DBAAAA117129BDB002E32F7 /* InfoPlist.strings in Resources */,
				1DF66E6917142B48007C3D7C /* GNUmakefile in Resources */,
				1DF66E6B17142D0C007C3D7C /* GNUmakefile.preamble in Resources */,
				1DF66E6D17143032007C3D7C /* GNUmakefile.postamble in Resources */,
			);
			runOnlyForDeploymentPostprocessing = 0;
		};
		1DBAAAB41712A311002E32F7 /* Resources */ = {
			isa = PBXResourcesBuildPhase;
			buildActionMask = 2147483647;
			files = (
				1DBAAAC01712A311002E32F7 /* InfoPlist.strings in Resources */,
			);
			runOnlyForDeploymentPostprocessing = 0;
		};
		1DBAAAF217130A95002E32F7 /* Resources */ = {
			isa = PBXResourcesBuildPhase;
			buildActionMask = 2147483647;
			files = (
				1DBAAAFB17130A95002E32F7 /* InfoPlist.strings in Resources */,
			);
			runOnlyForDeploymentPostprocessing = 0;
		};
/* End PBXResourcesBuildPhase section */

/* Begin PBXShellScriptBuildPhase section */
		1DBAAAB51712A311002E32F7 /* ShellScript */ = {
			isa = PBXShellScriptBuildPhase;
			buildActionMask = 2147483647;
			files = (
			);
			inputPaths = (
			);
			outputPaths = (
			);
			runOnlyForDeploymentPostprocessing = 0;
			shellPath = /bin/sh;
			shellScript = "# Run the unit tests in this test bundle.\n\"${SYSTEM_DEVELOPER_DIR}/Tools/RunUnitTests\"\n";
		};
		1DBAAAD61712A591002E32F7 /* git-version.plist */ = {
			isa = PBXShellScriptBuildPhase;
			buildActionMask = 2147483647;
			files = (
			);
			inputPaths = (
			);
			name = "git-version.plist";
			outputPaths = (
			);
			runOnlyForDeploymentPostprocessing = 0;
			shellPath = /bin/sh;
			shellScript = "cd $SRCROOT\nprintf \"{ \\\"git-version\\\" = \\\"%s\\\"; }\\n\" `git describe --always --tag` > $TARGET_BUILD_DIR/$UNLOCALIZED_RESOURCES_FOLDER_PATH/git-version.plist";
		};
/* End PBXShellScriptBuildPhase section */

/* Begin PBXSourcesBuildPhase section */
		1DBAAA8E17129BDB002E32F7 /* Sources */ = {
			isa = PBXSourcesBuildPhase;
			buildActionMask = 2147483647;
			files = (
				1DBAAAAE17129F51002E32F7 /* WFCommon.m in Sources */,
				1DBAAADA1712A816002E32F7 /* WFObject.m in Sources */,
				1DBAAAE21712BCB4002E32F7 /* WFWrapper.m in Sources */,
				1DBAAAE61712C181002E32F7 /* WFConnection.m in Sources */,
				1DBAAAEE171309B2002E32F7 /* WFNull.m in Sources */,
			);
			runOnlyForDeploymentPostprocessing = 0;
		};
		1DBAAAB21712A311002E32F7 /* Sources */ = {
			isa = PBXSourcesBuildPhase;
			buildActionMask = 2147483647;
			files = (
				1DBAAACB1712A36E002E32F7 /* WFCommonTest.m in Sources */,
			);
			runOnlyForDeploymentPostprocessing = 0;
		};
		1DBAAAEF17130A95002E32F7 /* Sources */ = {
			isa = PBXSourcesBuildPhase;
			buildActionMask = 2147483647;
			files = (
				1DBAAB0917130B0C002E32F7 /* WFLogin.m in Sources */,
				1DF66E541713D6C6007C3D7C /* WFNewsRequest.m in Sources */,
				1DF66E581713D71F007C3D7C /* WFNews.m in Sources */,
				1DF66E5C1713D81C007C3D7C /* WFUniversalContact.m in Sources */,
				1DF66E601713D887007C3D7C /* WFMedia.m in Sources */,
				1DF66E641713DAC5007C3D7C /* NSDate+WFTimestamp.m in Sources */,
			);
			runOnlyForDeploymentPostprocessing = 0;
		};
		1DBAAB0A17131402002E32F7 /* Sources */ = {
			isa = PBXSourcesBuildPhase;
			buildActionMask = 2147483647;
			files = (
				1DBAAB1317131402002E32F7 /* main.m in Sources */,
				1DF66E4D1713B1AB007C3D7C /* WFHelp.m in Sources */,
				1DF66E501713B4EF007C3D7C /* WFSystem.m in Sources */,
				1DF66E671713DDBD007C3D7C /* WFNewsCLI.m in Sources */,
			);
			runOnlyForDeploymentPostprocessing = 0;
		};
/* End PBXSourcesBuildPhase section */

/* Begin PBXVariantGroup section */
		1DBAAA9F17129BDB002E32F7 /* InfoPlist.strings */ = {
			isa = PBXVariantGroup;
			children = (
				1DBAAAA017129BDB002E32F7 /* en */,
			);
			name = InfoPlist.strings;
			sourceTree = "<group>";
		};
		1DBAAABE1712A311002E32F7 /* InfoPlist.strings */ = {
			isa = PBXVariantGroup;
			children = (
				1DBAAABF1712A311002E32F7 /* en */,
			);
			name = InfoPlist.strings;
			sourceTree = "<group>";
		};
		1DBAAAF917130A95002E32F7 /* InfoPlist.strings */ = {
			isa = PBXVariantGroup;
			children = (
				1DBAAAFA17130A95002E32F7 /* en */,
			);
			name = InfoPlist.strings;
			sourceTree = "<group>";
		};
/* End PBXVariantGroup section */

/* Begin XCBuildConfiguration section */
		1DBAAA8B17129B73002E32F7 /* Debug */ = {
			isa = XCBuildConfiguration;
			buildSettings = {
			};
			name = Debug;
		};
		1DBAAA8C17129B73002E32F7 /* Release */ = {
			isa = XCBuildConfiguration;
			buildSettings = {
			};
			name = Release;
		};
		1DBAAAA717129BDB002E32F7 /* Debug */ = {
			isa = XCBuildConfiguration;
			buildSettings = {
				ALWAYS_SEARCH_USER_PATHS = NO;
				ARCHS = "$(ARCHS_STANDARD_64_BIT)";
				CLANG_CXX_LANGUAGE_STANDARD = "gnu++0x";
				CLANG_CXX_LIBRARY = "libc++";
				CLANG_ENABLE_OBJC_ARC = YES;
				CLANG_WARN_CONSTANT_CONVERSION = YES;
				CLANG_WARN_EMPTY_BODY = YES;
				CLANG_WARN_ENUM_CONVERSION = YES;
				CLANG_WARN_INT_CONVERSION = YES;
				CLANG_WARN__DUPLICATE_METHOD_MATCH = YES;
				COMBINE_HIDPI_IMAGES = YES;
				COPY_PHASE_STRIP = NO;
				DYLIB_COMPATIBILITY_VERSION = 1;
				DYLIB_CURRENT_VERSION = 1;
				FRAMEWORK_VERSION = D;
				GCC_C_LANGUAGE_STANDARD = gnu99;
				GCC_DYNAMIC_NO_PIC = NO;
				GCC_ENABLE_OBJC_EXCEPTIONS = YES;
				GCC_OPTIMIZATION_LEVEL = 0;
				GCC_PRECOMPILE_PREFIX_HEADER = YES;
				GCC_PREFIX_HEADER = "FusionKit/FusionKit-Prefix.pch";
				GCC_PREPROCESSOR_DEFINITIONS = (
					"DEBUG=1",
					"$(inherited)",
				);
				GCC_SYMBOLS_PRIVATE_EXTERN = NO;
				GCC_WARN_64_TO_32_BIT_CONVERSION = YES;
				GCC_WARN_ABOUT_RETURN_TYPE = YES;
				GCC_WARN_UNINITIALIZED_AUTOS = YES;
				GCC_WARN_UNUSED_VARIABLE = YES;
				INFOPLIST_FILE = "FusionKit/FusionKit-Info.plist";
				MACOSX_DEPLOYMENT_TARGET = 10.8;
				ONLY_ACTIVE_ARCH = YES;
				PRODUCT_NAME = "$(TARGET_NAME)";
				SDKROOT = macosx;
				WRAPPER_EXTENSION = framework;
			};
			name = Debug;
		};
		1DBAAAA817129BDB002E32F7 /* Release */ = {
			isa = XCBuildConfiguration;
			buildSettings = {
				ALWAYS_SEARCH_USER_PATHS = NO;
				ARCHS = "$(ARCHS_STANDARD_64_BIT)";
				CLANG_CXX_LANGUAGE_STANDARD = "gnu++0x";
				CLANG_CXX_LIBRARY = "libc++";
				CLANG_ENABLE_OBJC_ARC = YES;
				CLANG_WARN_CONSTANT_CONVERSION = YES;
				CLANG_WARN_EMPTY_BODY = YES;
				CLANG_WARN_ENUM_CONVERSION = YES;
				CLANG_WARN_INT_CONVERSION = YES;
				CLANG_WARN__DUPLICATE_METHOD_MATCH = YES;
				COMBINE_HIDPI_IMAGES = YES;
				COPY_PHASE_STRIP = YES;
				DEBUG_INFORMATION_FORMAT = "dwarf-with-dsym";
				DYLIB_COMPATIBILITY_VERSION = 1;
				DYLIB_CURRENT_VERSION = 1;
				FRAMEWORK_VERSION = D;
				GCC_C_LANGUAGE_STANDARD = gnu99;
				GCC_ENABLE_OBJC_EXCEPTIONS = YES;
				GCC_PRECOMPILE_PREFIX_HEADER = YES;
				GCC_PREFIX_HEADER = "FusionKit/FusionKit-Prefix.pch";
				GCC_WARN_64_TO_32_BIT_CONVERSION = YES;
				GCC_WARN_ABOUT_RETURN_TYPE = YES;
				GCC_WARN_UNINITIALIZED_AUTOS = YES;
				GCC_WARN_UNUSED_VARIABLE = YES;
				INFOPLIST_FILE = "FusionKit/FusionKit-Info.plist";
				MACOSX_DEPLOYMENT_TARGET = 10.8;
				PRODUCT_NAME = "$(TARGET_NAME)";
				SDKROOT = macosx;
				WRAPPER_EXTENSION = framework;
			};
			name = Release;
		};
		1DBAAAC61712A311002E32F7 /* Debug */ = {
			isa = XCBuildConfiguration;
			buildSettings = {
				ALWAYS_SEARCH_USER_PATHS = NO;
				ARCHS = "$(ARCHS_STANDARD_64_BIT)";
				CLANG_CXX_LANGUAGE_STANDARD = "gnu++0x";
				CLANG_CXX_LIBRARY = "libc++";
				CLANG_ENABLE_OBJC_ARC = YES;
				CLANG_WARN_CONSTANT_CONVERSION = YES;
				CLANG_WARN_EMPTY_BODY = YES;
				CLANG_WARN_ENUM_CONVERSION = YES;
				CLANG_WARN_INT_CONVERSION = YES;
				CLANG_WARN__DUPLICATE_METHOD_MATCH = YES;
				COMBINE_HIDPI_IMAGES = YES;
				COPY_PHASE_STRIP = NO;
				FRAMEWORK_SEARCH_PATHS = "\"$(DEVELOPER_LIBRARY_DIR)/Frameworks\"";
				GCC_C_LANGUAGE_STANDARD = gnu99;
				GCC_DYNAMIC_NO_PIC = NO;
				GCC_ENABLE_OBJC_EXCEPTIONS = YES;
				GCC_OPTIMIZATION_LEVEL = 0;
				GCC_PRECOMPILE_PREFIX_HEADER = YES;
				GCC_PREFIX_HEADER = "FusionKitTest/FusionKitTest-Prefix.pch";
				GCC_PREPROCESSOR_DEFINITIONS = (
					"DEBUG=1",
					"$(inherited)",
				);
				GCC_SYMBOLS_PRIVATE_EXTERN = NO;
				GCC_WARN_64_TO_32_BIT_CONVERSION = YES;
				GCC_WARN_ABOUT_RETURN_TYPE = YES;
				GCC_WARN_UNINITIALIZED_AUTOS = YES;
				GCC_WARN_UNUSED_VARIABLE = YES;
				INFOPLIST_FILE = "FusionKitTest/FusionKitTest-Info.plist";
				MACOSX_DEPLOYMENT_TARGET = 10.8;
				ONLY_ACTIVE_ARCH = YES;
				PRODUCT_NAME = "$(TARGET_NAME)";
				SDKROOT = macosx;
				WRAPPER_EXTENSION = octest;
			};
			name = Debug;
		};
		1DBAAAC71712A311002E32F7 /* Release */ = {
			isa = XCBuildConfiguration;
			buildSettings = {
				ALWAYS_SEARCH_USER_PATHS = NO;
				ARCHS = "$(ARCHS_STANDARD_64_BIT)";
				CLANG_CXX_LANGUAGE_STANDARD = "gnu++0x";
				CLANG_CXX_LIBRARY = "libc++";
				CLANG_ENABLE_OBJC_ARC = YES;
				CLANG_WARN_CONSTANT_CONVERSION = YES;
				CLANG_WARN_EMPTY_BODY = YES;
				CLANG_WARN_ENUM_CONVERSION = YES;
				CLANG_WARN_INT_CONVERSION = YES;
				CLANG_WARN__DUPLICATE_METHOD_MATCH = YES;
				COMBINE_HIDPI_IMAGES = YES;
				COPY_PHASE_STRIP = YES;
				DEBUG_INFORMATION_FORMAT = "dwarf-with-dsym";
				FRAMEWORK_SEARCH_PATHS = "\"$(DEVELOPER_LIBRARY_DIR)/Frameworks\"";
				GCC_C_LANGUAGE_STANDARD = gnu99;
				GCC_ENABLE_OBJC_EXCEPTIONS = YES;
				GCC_PRECOMPILE_PREFIX_HEADER = YES;
				GCC_PREFIX_HEADER = "FusionKitTest/FusionKitTest-Prefix.pch";
				GCC_WARN_64_TO_32_BIT_CONVERSION = YES;
				GCC_WARN_ABOUT_RETURN_TYPE = YES;
				GCC_WARN_UNINITIALIZED_AUTOS = YES;
				GCC_WARN_UNUSED_VARIABLE = YES;
				INFOPLIST_FILE = "FusionKitTest/FusionKitTest-Info.plist";
				MACOSX_DEPLOYMENT_TARGET = 10.8;
				PRODUCT_NAME = "$(TARGET_NAME)";
				SDKROOT = macosx;
				WRAPPER_EXTENSION = octest;
			};
			name = Release;
		};
		1DBAAB0117130A95002E32F7 /* Debug */ = {
			isa = XCBuildConfiguration;
			buildSettings = {
				ALWAYS_SEARCH_USER_PATHS = NO;
				ARCHS = "$(ARCHS_STANDARD_64_BIT)";
				CLANG_CXX_LANGUAGE_STANDARD = "gnu++0x";
				CLANG_CXX_LIBRARY = "libc++";
				CLANG_ENABLE_OBJC_ARC = YES;
				CLANG_WARN_CONSTANT_CONVERSION = YES;
				CLANG_WARN_EMPTY_BODY = YES;
				CLANG_WARN_ENUM_CONVERSION = YES;
				CLANG_WARN_INT_CONVERSION = YES;
				CLANG_WARN__DUPLICATE_METHOD_MATCH = YES;
				COMBINE_HIDPI_IMAGES = YES;
				COPY_PHASE_STRIP = NO;
				DYLIB_COMPATIBILITY_VERSION = 1;
				DYLIB_CURRENT_VERSION = 1;
				FRAMEWORK_VERSION = C;
				GCC_C_LANGUAGE_STANDARD = gnu99;
				GCC_DYNAMIC_NO_PIC = NO;
				GCC_ENABLE_OBJC_EXCEPTIONS = YES;
				GCC_OPTIMIZATION_LEVEL = 0;
				GCC_PRECOMPILE_PREFIX_HEADER = YES;
				GCC_PREFIX_HEADER = "FusionProtocol/FusionProtocol-Prefix.pch";
				GCC_PREPROCESSOR_DEFINITIONS = (
					"DEBUG=1",
					"$(inherited)",
				);
				GCC_SYMBOLS_PRIVATE_EXTERN = NO;
				GCC_WARN_64_TO_32_BIT_CONVERSION = YES;
				GCC_WARN_ABOUT_RETURN_TYPE = YES;
				GCC_WARN_UNINITIALIZED_AUTOS = YES;
				GCC_WARN_UNUSED_VARIABLE = YES;
				INFOPLIST_FILE = "FusionProtocol/FusionProtocol-Info.plist";
				MACOSX_DEPLOYMENT_TARGET = 10.8;
				ONLY_ACTIVE_ARCH = YES;
				PRODUCT_NAME = "$(TARGET_NAME)";
				SDKROOT = macosx;
				WRAPPER_EXTENSION = framework;
			};
			name = Debug;
		};
		1DBAAB0217130A95002E32F7 /* Release */ = {
			isa = XCBuildConfiguration;
			buildSettings = {
				ALWAYS_SEARCH_USER_PATHS = NO;
				ARCHS = "$(ARCHS_STANDARD_64_BIT)";
				CLANG_CXX_LANGUAGE_STANDARD = "gnu++0x";
				CLANG_CXX_LIBRARY = "libc++";
				CLANG_ENABLE_OBJC_ARC = YES;
				CLANG_WARN_CONSTANT_CONVERSION = YES;
				CLANG_WARN_EMPTY_BODY = YES;
				CLANG_WARN_ENUM_CONVERSION = YES;
				CLANG_WARN_INT_CONVERSION = YES;
				CLANG_WARN__DUPLICATE_METHOD_MATCH = YES;
				COMBINE_HIDPI_IMAGES = YES;
				COPY_PHASE_STRIP = YES;
				DEBUG_INFORMATION_FORMAT = "dwarf-with-dsym";
				DYLIB_COMPATIBILITY_VERSION = 1;
				DYLIB_CURRENT_VERSION = 1;
				FRAMEWORK_VERSION = C;
				GCC_C_LANGUAGE_STANDARD = gnu99;
				GCC_ENABLE_OBJC_EXCEPTIONS = YES;
				GCC_PRECOMPILE_PREFIX_HEADER = YES;
				GCC_PREFIX_HEADER = "FusionProtocol/FusionProtocol-Prefix.pch";
				GCC_WARN_64_TO_32_BIT_CONVERSION = YES;
				GCC_WARN_ABOUT_RETURN_TYPE = YES;
				GCC_WARN_UNINITIALIZED_AUTOS = YES;
				GCC_WARN_UNUSED_VARIABLE = YES;
				INFOPLIST_FILE = "FusionProtocol/FusionProtocol-Info.plist";
				MACOSX_DEPLOYMENT_TARGET = 10.8;
				PRODUCT_NAME = "$(TARGET_NAME)";
				SDKROOT = macosx;
				WRAPPER_EXTENSION = framework;
			};
			name = Release;
		};
		1DBAAB1917131402002E32F7 /* Debug */ = {
			isa = XCBuildConfiguration;
			buildSettings = {
				ALWAYS_SEARCH_USER_PATHS = NO;
				ARCHS = "$(ARCHS_STANDARD_64_BIT)";
				CLANG_CXX_LANGUAGE_STANDARD = "gnu++0x";
				CLANG_CXX_LIBRARY = "libc++";
				CLANG_ENABLE_OBJC_ARC = YES;
				CLANG_WARN_CONSTANT_CONVERSION = YES;
				CLANG_WARN_EMPTY_BODY = YES;
				CLANG_WARN_ENUM_CONVERSION = YES;
				CLANG_WARN_INT_CONVERSION = YES;
				CLANG_WARN__DUPLICATE_METHOD_MATCH = YES;
				COPY_PHASE_STRIP = NO;
				GCC_C_LANGUAGE_STANDARD = gnu99;
				GCC_DYNAMIC_NO_PIC = NO;
				GCC_ENABLE_OBJC_EXCEPTIONS = YES;
				GCC_OPTIMIZATION_LEVEL = 0;
				GCC_PRECOMPILE_PREFIX_HEADER = YES;
				GCC_PREFIX_HEADER = "WebFusion-CLI/WebFusion-CLI-Prefix.pch";
				GCC_PREPROCESSOR_DEFINITIONS = (
					"DEBUG=1",
					"$(inherited)",
				);
				GCC_SYMBOLS_PRIVATE_EXTERN = NO;
				GCC_WARN_64_TO_32_BIT_CONVERSION = YES;
				GCC_WARN_ABOUT_RETURN_TYPE = YES;
				GCC_WARN_UNINITIALIZED_AUTOS = YES;
				GCC_WARN_UNUSED_VARIABLE = YES;
				MACOSX_DEPLOYMENT_TARGET = 10.8;
				ONLY_ACTIVE_ARCH = YES;
				PRODUCT_NAME = webfusion;
				SDKROOT = macosx;
			};
			name = Debug;
		};
		1DBAAB1A17131402002E32F7 /* Release */ = {
			isa = XCBuildConfiguration;
			buildSettings = {
				ALWAYS_SEARCH_USER_PATHS = NO;
				ARCHS = "$(ARCHS_STANDARD_64_BIT)";
				CLANG_CXX_LANGUAGE_STANDARD = "gnu++0x";
				CLANG_CXX_LIBRARY = "libc++";
				CLANG_ENABLE_OBJC_ARC = YES;
				CLANG_WARN_CONSTANT_CONVERSION = YES;
				CLANG_WARN_EMPTY_BODY = YES;
				CLANG_WARN_ENUM_CONVERSION = YES;
				CLANG_WARN_INT_CONVERSION = YES;
				CLANG_WARN__DUPLICATE_METHOD_MATCH = YES;
				COPY_PHASE_STRIP = YES;
				DEBUG_INFORMATION_FORMAT = "dwarf-with-dsym";
				GCC_C_LANGUAGE_STANDARD = gnu99;
				GCC_ENABLE_OBJC_EXCEPTIONS = YES;
				GCC_PRECOMPILE_PREFIX_HEADER = YES;
				GCC_PREFIX_HEADER = "WebFusion-CLI/WebFusion-CLI-Prefix.pch";
				GCC_WARN_64_TO_32_BIT_CONVERSION = YES;
				GCC_WARN_ABOUT_RETURN_TYPE = YES;
				GCC_WARN_UNINITIALIZED_AUTOS = YES;
				GCC_WARN_UNUSED_VARIABLE = YES;
				MACOSX_DEPLOYMENT_TARGET = 10.8;
				PRODUCT_NAME = webfusion;
				SDKROOT = macosx;
			};
			name = Release;
		};
/* End XCBuildConfiguration section */

/* Begin XCConfigurationList section */
		1DBAAA8A17129B73002E32F7 /* Build configuration list for PBXProject "FusionKit.D" */ = {
			isa = XCConfigurationList;
			buildConfigurations = (
				1DBAAA8B17129B73002E32F7 /* Debug */,
				1DBAAA8C17129B73002E32F7 /* Release */,
			);
			defaultConfigurationIsVisible = 0;
			defaultConfigurationName = Release;
		};
		1DBAAAA617129BDB002E32F7 /* Build configuration list for PBXNativeTarget "FusionKit" */ = {
			isa = XCConfigurationList;
			buildConfigurations = (
				1DBAAAA717129BDB002E32F7 /* Debug */,
				1DBAAAA817129BDB002E32F7 /* Release */,
			);
			defaultConfigurationIsVisible = 0;
			defaultConfigurationName = Release;
		};
		1DBAAAC51712A311002E32F7 /* Build configuration list for PBXNativeTarget "FusionKitTest" */ = {
			isa = XCConfigurationList;
			buildConfigurations = (
				1DBAAAC61712A311002E32F7 /* Debug */,
				1DBAAAC71712A311002E32F7 /* Release */,
			);
			defaultConfigurationIsVisible = 0;
			defaultConfigurationName = Release;
		};
		1DBAAB0017130A95002E32F7 /* Build configuration list for PBXNativeTarget "FusionProtocol" */ = {
			isa = XCConfigurationList;
			buildConfigurations = (
				1DBAAB0117130A95002E32F7 /* Debug */,
				1DBAAB0217130A95002E32F7 /* Release */,
			);
			defaultConfigurationIsVisible = 0;
			defaultConfigurationName = Release;
		};
		1DBAAB1817131402002E32F7 /* Build configuration list for PBXNativeTarget "WebFusion-CLI" */ = {
			isa = XCConfigurationList;
			buildConfigurations = (
				1DBAAB1917131402002E32F7 /* Debug */,
				1DBAAB1A17131402002E32F7 /* Release */,
			);
			defaultConfigurationIsVisible = 0;
			defaultConfigurationName = Release;
		};
/* End XCConfigurationList section */
	};
	rootObject = 1DBAAA8717129B73002E32F7 /* Project object */;
}
